{
  "nodes": {
    "linear-export": {
      "flake": false,
      "locked": {
        "lastModified": 1781789316,
        "narHash": "sha256-naRv2Fc0nfsC1G7pfooj2tCK6W81ZtC6hLInnVmxSTY=",
        "owner": "EdwardSalkeld",
        "repo": "linear-export",
        "rev": "9e47b9c76bae1e3c5ab1b07bb6333db9ec28889c",
        "type": "github"
      },
      "original": {
        "owner": "EdwardSalkeld",
        "repo": "linear-export",
        "type": "github"
      }
    },
    "nixpkgs": {
      "locked": {
        "lastModified": 1781509190,
        "narHash": "sha256-uJZs9Di8I6ciTp6jiojj0HzlNpBkud8ax5aT/O5aJkw=",
        "owner": "NixOS",
        "repo": "nixpkgs",
        "rev": "d6df3513510aa548c83868fd22bfddd0a8c0a0d4",
        "type": "github"
      },
      "original": {
        "owner": "NixOS",
        "ref": "nixos-25.11",
        "repo": "nixpkgs",
        "type": "github"
      }
    },
    "octopus-dl": {
      "flake": false,
      "locked": {
        "lastModified": 1781628148,
        "narHash": "sha256-7O2DMrrVNoizaDjuscNqtARr++n6oIjjuTYK0mTiHlI=",
        "owner": "EdwardSalkeld",
        "repo": "octopus-dl",
        "rev": "ff9b9e2554e05d0b89abf36197d32895240e0dd3",
        "type": "github"
      },
      "original": {
        "owner": "EdwardSalkeld",
        "repo": "octopus-dl",
        "type": "github"
      }
    },
    "root": {
      "inputs": {
        "linear-export": "linear-export",
        "nixpkgs": "nixpkgs",
        "octopus-dl": "octopus-dl",
        "sops-nix": "sops-nix"
      }
    },
    "sops-nix": {
      "inputs": {
        "nixpkgs": [
          "nixpkgs"
        ]
      },
      "locked": {
        "lastModified": 1766894905,
        "narHash": "sha256-pn8AxxfajqyR/Dmr1wnZYdUXHgM3u6z9x0Z1Ijmz2UQ=",
        "owner": "Mic92",
        "repo": "sops-nix",
        "rev": "61b39c7b657081c2adc91b75dd3ad8a91d6f07a7",
        "type": "github"
      },
      "original": {
        "owner": "Mic92",
        "repo": "sops-nix",
        "type": "github"
      }
    }
  },
  "root": "root",
  "version": 7
}
