{
  "nodes": {
    "bbmb": {
      "flake": false,
      "locked": {
        "lastModified": 1788132670,
        "narHash": "sha256-J8vWsTWrZVysXMDmwd1RQXazekm920DfUDJ985cxkCs=",
        "owner": "EdwardSalkeld",
        "repo": "bbmb",
        "rev": "50f59c9986316e8a5b85dd3b0a4e5a8ec3592fca",
        "type": "github"
      },
      "original": {
        "owner": "EdwardSalkeld",
        "ref": "v8",
        "repo": "bbmb",
        "type": "github"
      }
    },
    "chatting": {
      "flake": false,
      "locked": {
        "lastModified": 1788956931,
        "narHash": "sha256-rUT/1npHo7lfHJveBEWEhPefnxL5szq3mNgOrFMawj4=",
        "owner": "EdwardSalkeld",
        "repo": "chatting",
        "rev": "c87601b36e9aae73d146c22d48a90ff89e74c040",
        "type": "github"
      },
      "original": {
        "owner": "EdwardSalkeld",
        "repo": "chatting",
        "type": "github"
      }
    },
    "exercise-tracker": {
      "flake": false,
      "locked": {
        "lastModified": 1782221349,
        "narHash": "sha256-01EUnPPXbxnrB4bdTjH9wWc6dnYS3v5ZVIqc1XpPerM=",
        "owner": "EdwardSalkeld",
        "repo": "exercise-tracker",
        "rev": "dd29ec110ff046079415b98e0df672ea316ae17a",
        "type": "github"
      },
      "original": {
        "owner": "EdwardSalkeld",
        "repo": "exercise-tracker",
        "type": "github"
      }
    },
    "linear-export": {
      "flake": false,
      "locked": {
        "lastModified": 1781789316,
        "narHash": "sha256-naRv2Fc0nfsC1G7pfooj2tCK6W81ZtC6hLInnVmxSTY=",
        "owner": "EdwardSalkeld",
        "repo": "linear-export",
        "rev": "9e47b9c76bae1e3c5ab1b07bb6333db9ec28889c",
        "type": "github"
      },
      "original": {
        "owner": "EdwardSalkeld",
        "repo": "linear-export",
        "type": "github"
      }
    },
    "media-collection-manager": {
      "inputs": {
        "nixpkgs": "nixpkgs"
      },
      "locked": {
        "lastModified": 1789671413,
        "narHash": "sha256-zaPgx1YAxMlP+XYGvYuczkEs2N2B18nvEIhN3uBYPF0=",
        "owner": "brokensbone",
        "repo": "media-collection-manager",
        "rev": "5996aab01b8287028504852652405e3138997f7f",
        "type": "github"
      },
      "original": {
        "owner": "brokensbone",
        "repo": "media-collection-manager",
        "type": "github"
      }
    },
    "nixpkgs": {
      "locked": {
        "lastModified": 1788752844,
        "narHash": "sha256-VaWGJ6+cIYN2erfSecbRV+4ljI185Ty2wUrXyvQbgOw=",
        "owner": "NixOS",
        "repo": "nixpkgs",
        "rev": "dc5d91f840324650bac8c379428c7037a416959a",
        "type": "github"
      },
      "original": {
        "owner": "NixOS",
        "ref": "nixos-unstable",
        "repo": "nixpkgs",
        "type": "github"
      }
    },
    "nixpkgs-unstable": {
      "locked": {
        "lastModified": 1789006805,
        "narHash": "sha256-xB8mKMOx1IA9vTDNLmJZ6n4wCMq/cuWBBOzGCRnqxrU=",
        "owner": "NixOS",
        "repo": "nixpkgs",
        "rev": "8ce4ef6cb6f871616146b9fe26d2a5ae594e94fe",
        "type": "github"
      },
      "original": {
        "owner": "NixOS",
        "ref": "nixos-unstable",
        "repo": "nixpkgs",
        "type": "github"
      }
    },
    "nixpkgs_2": {
      "locked": {
        "lastModified": 1789114715,
        "narHash": "sha256-ugpsyk3NM2s87vXfUiIIiibbJ4Pp0JPS5p/3mfs+q+c=",
        "owner": "NixOS",
        "repo": "nixpkgs",
        "rev": "21a67dc470149f337cecafbe965d8d252a390518",
        "type": "github"
      },
      "original": {
        "owner": "NixOS",
        "ref": "nixos-26.05",
        "repo": "nixpkgs",
        "type": "github"
      }
    },
    "octopus-dl": {
      "flake": false,
      "locked": {
        "lastModified": 1788343236,
        "narHash": "sha256-kB+PtqQ4aI/RCgyVCtCT4kUDt13vytskJBgmE/NOU/M=",
        "owner": "EdwardSalkeld",
        "repo": "octopus-dl",
        "rev": "3576b37a0e129fad46311ad81a1863083dd3d653",
        "type": "github"
      },
      "original": {
        "owner": "EdwardSalkeld",
        "repo": "octopus-dl",
        "type": "github"
      }
    },
    "root": {
      "inputs": {
        "bbmb": "bbmb",
        "chatting": "chatting",
        "exercise-tracker": "exercise-tracker",
        "linear-export": "linear-export",
        "media-collection-manager": "media-collection-manager",
        "nixpkgs": "nixpkgs_2",
        "nixpkgs-unstable": "nixpkgs-unstable",
        "octopus-dl": "octopus-dl",
        "sops-nix": "sops-nix"
      }
    },
    "sops-nix": {
      "inputs": {
        "nixpkgs": [
          "nixpkgs"
        ]
      },
      "locked": {
        "lastModified": 1788914643,
        "narHash": "sha256-4GuMPW90JSxXWDPUB9M+1m7fYbe3H0apOd86/zBQ2Kw=",
        "owner": "Mic92",
        "repo": "sops-nix",
        "rev": "13616fff713a9f94055c66f15687ebdc17a335df",
        "type": "github"
      },
      "original": {
        "owner": "Mic92",
        "repo": "sops-nix",
        "type": "github"
      }
    }
  },
  "root": "root",
  "version": 7
}
