{
  "nodes": {
    "bbmb": {
      "flake": false,
      "locked": {
        "lastModified": 1775468671,
        "narHash": "sha256-1VfvHN+7QpBGTRn2/r32y49+YvmMeaLk/6TgNQvvDPs=",
        "owner": "EdwardSalkeld",
        "repo": "bbmb",
        "rev": "70040bbfefcb25ab141aeac01703452eea95fc22",
        "type": "github"
      },
      "original": {
        "owner": "EdwardSalkeld",
        "ref": "v7",
        "repo": "bbmb",
        "type": "github"
      }
    },
    "chatting": {
      "flake": false,
      "locked": {
        "lastModified": 1787136649,
        "narHash": "sha256-1CKQe1qvemr2zx/gjCd40wEcXq/oywcmtwXA5fMC8hs=",
        "owner": "EdwardSalkeld",
        "repo": "chatting",
        "rev": "6b1ef5a47ddbbe7f4a2d77673742e61572da5ed9",
        "type": "github"
      },
      "original": {
        "owner": "EdwardSalkeld",
        "repo": "chatting",
        "type": "github"
      }
    },
    "exercise-tracker": {
      "flake": false,
      "locked": {
        "lastModified": 1782221349,
        "narHash": "sha256-01EUnPPXbxnrB4bdTjH9wWc6dnYS3v5ZVIqc1XpPerM=",
        "owner": "EdwardSalkeld",
        "repo": "exercise-tracker",
        "rev": "dd29ec110ff046079415b98e0df672ea316ae17a",
        "type": "github"
      },
      "original": {
        "owner": "EdwardSalkeld",
        "repo": "exercise-tracker",
        "type": "github"
      }
    },
    "linear-export": {
      "flake": false,
      "locked": {
        "lastModified": 1781789316,
        "narHash": "sha256-naRv2Fc0nfsC1G7pfooj2tCK6W81ZtC6hLInnVmxSTY=",
        "owner": "EdwardSalkeld",
        "repo": "linear-export",
        "rev": "9e47b9c76bae1e3c5ab1b07bb6333db9ec28889c",
        "type": "github"
      },
      "original": {
        "owner": "EdwardSalkeld",
        "repo": "linear-export",
        "type": "github"
      }
    },
    "nixpkgs": {
      "locked": {
        "lastModified": 1782847189,
        "narHash": "sha256-twXPFqFsrrY5r28Zh7Homgcp2gUMBgQ6WDS98Q/3xFI=",
        "owner": "NixOS",
        "repo": "nixpkgs",
        "rev": "b6018f87da91d19d0ab4cf979885689b469cdd41",
        "type": "github"
      },
      "original": {
        "owner": "NixOS",
        "ref": "nixos-25.11",
        "repo": "nixpkgs",
        "type": "github"
      }
    },
    "nixpkgs-unstable": {
      "locked": {
        "lastModified": 1786599213,
        "narHash": "sha256-yNJd40f11EzXBjSByCB7IPpeFFAdeoSKKM67dGkfFoU=",
        "owner": "NixOS",
        "repo": "nixpkgs",
        "rev": "0e251e24a4f24e036a084b6b4b2d2491af4167f4",
        "type": "github"
      },
      "original": {
        "owner": "NixOS",
        "ref": "nixos-unstable",
        "repo": "nixpkgs",
        "type": "github"
      }
    },
    "octopus-dl": {
      "flake": false,
      "locked": {
        "lastModified": 1787732870,
        "narHash": "sha256-ESPqL55kmE1+gCqd9Mxz9DrgtIwv8b8i1ZV5eVduv6Q=",
        "owner": "BillyAcachofa",
        "repo": "octopus-dl",
        "rev": "1564ed34596a9421d2bab8e65ad298db4374a9d1",
        "type": "github"
      },
      "original": {
        "owner": "EdwardSalkeld",
        "repo": "octopus-dl",
        "type": "github"
      }
    },
    "root": {
      "inputs": {
        "bbmb": "bbmb",
        "chatting": "chatting",
        "exercise-tracker": "exercise-tracker",
        "linear-export": "linear-export",
        "nixpkgs": "nixpkgs",
        "nixpkgs-unstable": "nixpkgs-unstable",
        "octopus-dl": "octopus-dl",
        "sops-nix": "sops-nix"
      }
    },
    "sops-nix": {
      "inputs": {
        "nixpkgs": [
          "nixpkgs"
        ]
      },
      "locked": {
        "lastModified": 1786629091,
        "narHash": "sha256-gkig4nPi1CWc4Z50GBsjE4ygSE7hMpl/TwID2an2Cck=",
        "owner": "Mic92",
        "repo": "sops-nix",
        "rev": "a8627b21b9107c5711c96b84f32a9a4b3d45295f",
        "type": "github"
      },
      "original": {
        "owner": "Mic92",
        "repo": "sops-nix",
        "type": "github"
      }
    }
  },
  "root": "root",
  "version": 7
}
